
Microsoft Visual Studio Solution File, Format Version 12.00
# Visual Studio Version 17
VisualStudioVersion = 17.7.34018.315
MinimumVisualStudioVersion = 10.0.40219.1
Project("{9A19103F-16F7-4668-BE54-9A1E7A4F7556}") = "Clase7.EF.Data", "Clase7.EF.Data\Clase7.EF.Data.csproj", "{76C4B870-96E8-4473-8276-2C828A6771F4}"
EndProject
Project("{FAE04EC0-301F-11D3-BF4B-00C04F79EFBC}") = "Clase7.EF.Logica", "Clase7.EF.Logica\Clase7.EF.Logica.csproj", "{4ECC83A3-46E1-4FAD-8034-82802F73D037}"
EndProject
Project("{FAE04EC0-301F-11D3-BF4B-00C04F79EFBC}") = "Clase7.EF.Web", "Clase7.EF.Web\Clase7.EF.Web.csproj", "{79D9D7D9-F1AF-48C7-82C4-1410A92CFB57}"
EndProject
Global
	GlobalSection(SolutionConfigurationPlatforms) = preSolution
		Debug|Any CPU = Debug|Any CPU
		Release|Any CPU = Release|Any CPU
	EndGlobalSection
	GlobalSection(ProjectConfigurationPlatforms) = postSolution
		{76C4B870-96E8-4473-8276-2C828A6771F4}.Debug|Any CPU.ActiveCfg = Debug|Any CPU
		{76C4B870-96E8-4473-8276-2C828A6771F4}.Debug|Any CPU.Build.0 = Debug|Any CPU
		{76C4B870-96E8-4473-8276-2C828A6771F4}.Release|Any CPU.ActiveCfg = Release|Any CPU
		{76C4B870-96E8-4473-8276-2C828A6771F4}.Release|Any CPU.Build.0 = Release|Any CPU
		{4ECC83A3-46E1-4FAD-8034-82802F73D037}.Debug|Any CPU.ActiveCfg = Debug|Any CPU
		{4ECC83A3-46E1-4FAD-8034-82802F73D037}.Debug|Any CPU.Build.0 = Debug|Any CPU
		{4ECC83A3-46E1-4FAD-8034-82802F73D037}.Release|Any CPU.ActiveCfg = Release|Any CPU
		{4ECC83A3-46E1-4FAD-8034-82802F73D037}.Release|Any CPU.Build.0 = Release|Any CPU
		{79D9D7D9-F1AF-48C7-82C4-1410A92CFB57}.Debug|Any CPU.ActiveCfg = Debug|Any CPU
		{79D9D7D9-F1AF-48C7-82C4-1410A92CFB57}.Debug|Any CPU.Build.0 = Debug|Any CPU
		{79D9D7D9-F1AF-48C7-82C4-1410A92CFB57}.Release|Any CPU.ActiveCfg = Release|Any CPU
		{79D9D7D9-F1AF-48C7-82C4-1410A92CFB57}.Release|Any CPU.Build.0 = Release|Any CPU
	EndGlobalSection
	GlobalSection(SolutionProperties) = preSolution
		HideSolutionNode = FALSE
	EndGlobalSection
	GlobalSection(ExtensibilityGlobals) = postSolution
		SolutionGuid = {04C1067A-9A7C-4B55-AFCB-2CDF5EB3D54C}
	EndGlobalSection
EndGlobal
