
Microsoft Visual Studio Solution File, Format Version 12.00
# Visual Studio Version 17
VisualStudioVersion = 17.9.34723.18
MinimumVisualStudioVersion = 10.0.40219.1
Project("{FAE04EC0-301F-11D3-BF4B-00C04F79EFBC}") = "Clase.7.Web", "Clase.7.Web\Clase.7.Web.csproj", "{74EC5C18-D539-466C-BFFC-73F0AFD24EBB}"
EndProject
Project("{FAE04EC0-301F-11D3-BF4B-00C04F79EFBC}") = "Clase.7.Data", "Clase.7.Data\Clase.7.Data.csproj", "{FFDC7BEA-40A3-48B2-823F-AA5DF910F8E1}"
EndProject
Project("{FAE04EC0-301F-11D3-BF4B-00C04F79EFBC}") = "Clase.7.Services", "Clase.7.Services\Clase.7.Services.csproj", "{966006C1-1446-4475-8C6B-FD15A5EB4B8A}"
EndProject
Global
	GlobalSection(SolutionConfigurationPlatforms) = preSolution
		Debug|Any CPU = Debug|Any CPU
		Release|Any CPU = Release|Any CPU
	EndGlobalSection
	GlobalSection(ProjectConfigurationPlatforms) = postSolution
		{74EC5C18-D539-466C-BFFC-73F0AFD24EBB}.Debug|Any CPU.ActiveCfg = Debug|Any CPU
		{74EC5C18-D539-466C-BFFC-73F0AFD24EBB}.Debug|Any CPU.Build.0 = Debug|Any CPU
		{74EC5C18-D539-466C-BFFC-73F0AFD24EBB}.Release|Any CPU.ActiveCfg = Release|Any CPU
		{74EC5C18-D539-466C-BFFC-73F0AFD24EBB}.Release|Any CPU.Build.0 = Release|Any CPU
		{FFDC7BEA-40A3-48B2-823F-AA5DF910F8E1}.Debug|Any CPU.ActiveCfg = Debug|Any CPU
		{FFDC7BEA-40A3-48B2-823F-AA5DF910F8E1}.Debug|Any CPU.Build.0 = Debug|Any CPU
		{FFDC7BEA-40A3-48B2-823F-AA5DF910F8E1}.Release|Any CPU.ActiveCfg = Release|Any CPU
		{FFDC7BEA-40A3-48B2-823F-AA5DF910F8E1}.Release|Any CPU.Build.0 = Release|Any CPU
		{966006C1-1446-4475-8C6B-FD15A5EB4B8A}.Debug|Any CPU.ActiveCfg = Debug|Any CPU
		{966006C1-1446-4475-8C6B-FD15A5EB4B8A}.Debug|Any CPU.Build.0 = Debug|Any CPU
		{966006C1-1446-4475-8C6B-FD15A5EB4B8A}.Release|Any CPU.ActiveCfg = Release|Any CPU
		{966006C1-1446-4475-8C6B-FD15A5EB4B8A}.Release|Any CPU.Build.0 = Release|Any CPU
	EndGlobalSection
	GlobalSection(SolutionProperties) = preSolution
		HideSolutionNode = FALSE
	EndGlobalSection
	GlobalSection(ExtensibilityGlobals) = postSolution
		SolutionGuid = {8D524F4D-E387-4B35-9FE3-5C6D171521F8}
	EndGlobalSection
EndGlobal
