
Microsoft Visual Studio Solution File, Format Version 12.00
# Visual Studio Version 17
VisualStudioVersion = 17.3.32929.385
MinimumVisualStudioVersion = 10.0.40219.1
Project("{FAE04EC0-301F-11D3-BF4B-00C04F79EFBC}") = "Modelo2doParcial.Web", "Modelo2doParcial.Web\Modelo2doParcial.Web.csproj", "{1BCF1D85-43B3-4FF5-BCC6-7E484FF66E2C}"
EndProject
Project("{FAE04EC0-301F-11D3-BF4B-00C04F79EFBC}") = "Modelo2doParcial.Entidades", "Modelo2doParcial.Entidades\Modelo2doParcial.Entidades.csproj", "{97FE9EBF-B2ED-4368-9691-C4A00803AD31}"
EndProject
Project("{FAE04EC0-301F-11D3-BF4B-00C04F79EFBC}") = "Modelo2doParcial.Logica", "Modelo2doParcial.Logica\Modelo2doParcial.Logica.csproj", "{183415B8-34EA-4F52-9A5D-83A8922204F5}"
EndProject
Global
	GlobalSection(SolutionConfigurationPlatforms) = preSolution
		Debug|Any CPU = Debug|Any CPU
		Release|Any CPU = Release|Any CPU
	EndGlobalSection
	GlobalSection(ProjectConfigurationPlatforms) = postSolution
		{1BCF1D85-43B3-4FF5-BCC6-7E484FF66E2C}.Debug|Any CPU.ActiveCfg = Debug|Any CPU
		{1BCF1D85-43B3-4FF5-BCC6-7E484FF66E2C}.Debug|Any CPU.Build.0 = Debug|Any CPU
		{1BCF1D85-43B3-4FF5-BCC6-7E484FF66E2C}.Release|Any CPU.ActiveCfg = Release|Any CPU
		{1BCF1D85-43B3-4FF5-BCC6-7E484FF66E2C}.Release|Any CPU.Build.0 = Release|Any CPU
		{97FE9EBF-B2ED-4368-9691-C4A00803AD31}.Debug|Any CPU.ActiveCfg = Debug|Any CPU
		{97FE9EBF-B2ED-4368-9691-C4A00803AD31}.Debug|Any CPU.Build.0 = Debug|Any CPU
		{97FE9EBF-B2ED-4368-9691-C4A00803AD31}.Release|Any CPU.ActiveCfg = Release|Any CPU
		{97FE9EBF-B2ED-4368-9691-C4A00803AD31}.Release|Any CPU.Build.0 = Release|Any CPU
		{183415B8-34EA-4F52-9A5D-83A8922204F5}.Debug|Any CPU.ActiveCfg = Debug|Any CPU
		{183415B8-34EA-4F52-9A5D-83A8922204F5}.Debug|Any CPU.Build.0 = Debug|Any CPU
		{183415B8-34EA-4F52-9A5D-83A8922204F5}.Release|Any CPU.ActiveCfg = Release|Any CPU
		{183415B8-34EA-4F52-9A5D-83A8922204F5}.Release|Any CPU.Build.0 = Release|Any CPU
	EndGlobalSection
	GlobalSection(SolutionProperties) = preSolution
		HideSolutionNode = FALSE
	EndGlobalSection
	GlobalSection(ExtensibilityGlobals) = postSolution
		SolutionGuid = {1004082C-1F92-4FE2-9DC5-4099E2C7B446}
	EndGlobalSection
EndGlobal
